// !$*UTF8*$!
{
	archiveVersion = 1;
	classes = {
	};
	objectVersion = 46;
	objects = {

/* Begin PBXBuildFile section */
		8807825C6315C3909BF681FA /* Pods_PetPalsProject.framework in Frameworks */ = {isa = PBXBuildFile; fileRef = C3695E20573FC8BEB11EF782 /* Pods_PetPalsProject.framework */; };
		A5A4BD8C1F560D62004EB2A3 /* AppDelegate.swift in Sources */ = {isa = PBXBuildFile; fileRef = A5A4BD8B1F560D62004EB2A3 /* AppDelegate.swift */; };
		A5A4BD8E1F560D62004EB2A3 /* ViewController.swift in Sources */ = {isa = PBXBuildFile; fileRef = A5A4BD8D1F560D62004EB2A3 /* ViewController.swift */; };
		A5A4BD911F560D62004EB2A3 /* Main.storyboard in Resources */ = {isa = PBXBuildFile; fileRef = A5A4BD8F1F560D62004EB2A3 /* Main.storyboard */; };
		A5A4BD941F560D62004EB2A3 /* PetPalsProject.xcdatamodeld in Sources */ = {isa = PBXBuildFile; fileRef = A5A4BD921F560D62004EB2A3 /* PetPalsProject.xcdatamodeld */; };
		A5A4BD961F560D62004EB2A3 /* Assets.xcassets in Resources */ = {isa = PBXBuildFile; fileRef = A5A4BD951F560D62004EB2A3 /* Assets.xcassets */; };
		A5A4BD991F560D62004EB2A3 /* LaunchScreen.storyboard in Resources */ = {isa = PBXBuildFile; fileRef = A5A4BD971F560D62004EB2A3 /* LaunchScreen.storyboard */; };
		A5A4BDA11F560F06004EB2A3 /* GoogleService-Info.plist in Resources */ = {isa = PBXBuildFile; fileRef = A5A4BDA01F560F06004EB2A3 /* GoogleService-Info.plist */; };
		A5A4BDA31F5618FC004EB2A3 /* mainViewController.swift in Sources */ = {isa = PBXBuildFile; fileRef = A5A4BDA21F5618FC004EB2A3 /* mainViewController.swift */; };
		A5A4BDA51F561DE7004EB2A3 /* contactViewController.swift in Sources */ = {isa = PBXBuildFile; fileRef = A5A4BDA41F561DE7004EB2A3 /* contactViewController.swift */; };
		A5A4BDA81F562405004EB2A3 /* aboutUsViewController.swift in Sources */ = {isa = PBXBuildFile; fileRef = A5A4BDA71F562405004EB2A3 /* aboutUsViewController.swift */; };
		A5A4BDAA1F562530004EB2A3 /* privacyViewController.swift in Sources */ = {isa = PBXBuildFile; fileRef = A5A4BDA91F562530004EB2A3 /* privacyViewController.swift */; };
		A5A4BDAC1F562633004EB2A3 /* galleryViewController.swift in Sources */ = {isa = PBXBuildFile; fileRef = A5A4BDAB1F562633004EB2A3 /* galleryViewController.swift */; };
		A5A4BDAE1F5636B6004EB2A3 /* usersAccViewController.swift in Sources */ = {isa = PBXBuildFile; fileRef = A5A4BDAD1F5636B6004EB2A3 /* usersAccViewController.swift */; };
		A5A4BDB01F563705004EB2A3 /* createuserViewController.swift in Sources */ = {isa = PBXBuildFile; fileRef = A5A4BDAF1F563705004EB2A3 /* createuserViewController.swift */; };
		A5A4BDB21F565CC5004EB2A3 /* petImageViewController.swift in Sources */ = {isa = PBXBuildFile; fileRef = A5A4BDB11F565CC5004EB2A3 /* petImageViewController.swift */; };
		A5A4BDB41F565F97004EB2A3 /* petReviewViewController.swift in Sources */ = {isa = PBXBuildFile; fileRef = A5A4BDB31F565F97004EB2A3 /* petReviewViewController.swift */; };
		A5A4BDC41F60DF84004EB2A3 /* SWRevealViewController.m in Sources */ = {isa = PBXBuildFile; fileRef = A5A4BDC31F60DF84004EB2A3 /* SWRevealViewController.m */; };
		A5A4BDC61F617FDF004EB2A3 /* homePageViewController.swift in Sources */ = {isa = PBXBuildFile; fileRef = A5A4BDC51F617FDF004EB2A3 /* homePageViewController.swift */; };
		A5E490741F61EACE0037E2A2 /* CustomersViewController.swift in Sources */ = {isa = PBXBuildFile; fileRef = A5E490731F61EACE0037E2A2 /* CustomersViewController.swift */; };
		A5E490761F61FA1D0037E2A2 /* Users.swift in Sources */ = {isa = PBXBuildFile; fileRef = A5E490751F61FA1D0037E2A2 /* Users.swift */; };
/* End PBXBuildFile section */

/* Begin PBXFileReference section */
		4A6C0A39ACC8A469BBA3AFF1 /* Pods-PetPalsProject.debug.xcconfig */ = {isa = PBXFileReference; includeInIndex = 1; lastKnownFileType = text.xcconfig; name = "Pods-PetPalsProject.debug.xcconfig"; path = "Pods/Target Support Files/Pods-PetPalsProject/Pods-PetPalsProject.debug.xcconfig"; sourceTree = "<group>"; };
		A5A4BD881F560D62004EB2A3 /* PetPalsProject.app */ = {isa = PBXFileReference; explicitFileType = wrapper.application; includeInIndex = 0; path = PetPalsProject.app; sourceTree = BUILT_PRODUCTS_DIR; };
		A5A4BD8B1F560D62004EB2A3 /* AppDelegate.swift */ = {isa = PBXFileReference; lastKnownFileType = sourcecode.swift; path = AppDelegate.swift; sourceTree = "<group>"; };
		A5A4BD8D1F560D62004EB2A3 /* ViewController.swift */ = {isa = PBXFileReference; lastKnownFileType = sourcecode.swift; path = ViewController.swift; sourceTree = "<group>"; };
		A5A4BD901F560D62004EB2A3 /* Base */ = {isa = PBXFileReference; lastKnownFileType = file.storyboard; name = Base; path = Base.lproj/Main.storyboard; sourceTree = "<group>"; };
		A5A4BD931F560D62004EB2A3 /* PetPalsProject.xcdatamodel */ = {isa = PBXFileReference; lastKnownFileType = wrapper.xcdatamodel; path = PetPalsProject.xcdatamodel; sourceTree = "<group>"; };
		A5A4BD951F560D62004EB2A3 /* Assets.xcassets */ = {isa = PBXFileReference; lastKnownFileType = folder.assetcatalog; path = Assets.xcassets; sourceTree = "<group>"; };
		A5A4BD981F560D62004EB2A3 /* Base */ = {isa = PBXFileReference; lastKnownFileType = file.storyboard; name = Base; path = Base.lproj/LaunchScreen.storyboard; sourceTree = "<group>"; };
		A5A4BD9A1F560D62004EB2A3 /* Info.plist */ = {isa = PBXFileReference; lastKnownFileType = text.plist.xml; path = Info.plist; sourceTree = "<group>"; };
		A5A4BDA01F560F06004EB2A3 /* GoogleService-Info.plist */ = {isa = PBXFileReference; fileEncoding = 4; lastKnownFileType = text.plist.xml; path = "GoogleService-Info.plist"; sourceTree = "<group>"; };
		A5A4BDA21F5618FC004EB2A3 /* mainViewController.swift */ = {isa = PBXFileReference; fileEncoding = 4; lastKnownFileType = sourcecode.swift; path = mainViewController.swift; sourceTree = "<group>"; };
		A5A4BDA41F561DE7004EB2A3 /* contactViewController.swift */ = {isa = PBXFileReference; fileEncoding = 4; lastKnownFileType = sourcecode.swift; path = contactViewController.swift; sourceTree = "<group>"; };
		A5A4BDA71F562405004EB2A3 /* aboutUsViewController.swift */ = {isa = PBXFileReference; fileEncoding = 4; lastKnownFileType = sourcecode.swift; path = aboutUsViewController.swift; sourceTree = "<group>"; };
		A5A4BDA91F562530004EB2A3 /* privacyViewController.swift */ = {isa = PBXFileReference; fileEncoding = 4; lastKnownFileType = sourcecode.swift; path = privacyViewController.swift; sourceTree = "<group>"; };
		A5A4BDAB1F562633004EB2A3 /* galleryViewController.swift */ = {isa = PBXFileReference; fileEncoding = 4; lastKnownFileType = sourcecode.swift; path = galleryViewController.swift; sourceTree = "<group>"; };
		A5A4BDAD1F5636B6004EB2A3 /* usersAccViewController.swift */ = {isa = PBXFileReference; fileEncoding = 4; lastKnownFileType = sourcecode.swift; path = usersAccViewController.swift; sourceTree = "<group>"; };
		A5A4BDAF1F563705004EB2A3 /* createuserViewController.swift */ = {isa = PBXFileReference; fileEncoding = 4; lastKnownFileType = sourcecode.swift; path = createuserViewController.swift; sourceTree = "<group>"; };
		A5A4BDB11F565CC5004EB2A3 /* petImageViewController.swift */ = {isa = PBXFileReference; fileEncoding = 4; lastKnownFileType = sourcecode.swift; path = petImageViewController.swift; sourceTree = "<group>"; };
		A5A4BDB31F565F97004EB2A3 /* petReviewViewController.swift */ = {isa = PBXFileReference; fileEncoding = 4; lastKnownFileType = sourcecode.swift; path = petReviewViewController.swift; sourceTree = "<group>"; };
		A5A4BDC11F60DF83004EB2A3 /* PetPalsProject-Bridging-Header.h */ = {isa = PBXFileReference; lastKnownFileType = sourcecode.c.h; path = "PetPalsProject-Bridging-Header.h"; sourceTree = "<group>"; };
		A5A4BDC21F60DF84004EB2A3 /* SWRevealViewController.h */ = {isa = PBXFileReference; fileEncoding = 4; lastKnownFileType = sourcecode.c.h; path = SWRevealViewController.h; sourceTree = "<group>"; };
		A5A4BDC31F60DF84004EB2A3 /* SWRevealViewController.m */ = {isa = PBXFileReference; fileEncoding = 4; lastKnownFileType = sourcecode.c.objc; path = SWRevealViewController.m; sourceTree = "<group>"; };
		A5A4BDC51F617FDF004EB2A3 /* homePageViewController.swift */ = {isa = PBXFileReference; fileEncoding = 4; lastKnownFileType = sourcecode.swift; path = homePageViewController.swift; sourceTree = "<group>"; };
		A5E490731F61EACE0037E2A2 /* CustomersViewController.swift */ = {isa = PBXFileReference; fileEncoding = 4; lastKnownFileType = sourcecode.swift; path = CustomersViewController.swift; sourceTree = "<group>"; };
		A5E490751F61FA1D0037E2A2 /* Users.swift */ = {isa = PBXFileReference; fileEncoding = 4; lastKnownFileType = sourcecode.swift; path = Users.swift; sourceTree = "<group>"; };
		C3695E20573FC8BEB11EF782 /* Pods_PetPalsProject.framework */ = {isa = PBXFileReference; explicitFileType = wrapper.framework; includeInIndex = 0; path = Pods_PetPalsProject.framework; sourceTree = BUILT_PRODUCTS_DIR; };
		D95D2AFA601E81CE7FAFA2C6 /* Pods-PetPalsProject.release.xcconfig */ = {isa = PBXFileReference; includeInIndex = 1; lastKnownFileType = text.xcconfig; name = "Pods-PetPalsProject.release.xcconfig"; path = "Pods/Target Support Files/Pods-PetPalsProject/Pods-PetPalsProject.release.xcconfig"; sourceTree = "<group>"; };
/* End PBXFileReference section */

/* Begin PBXFrameworksBuildPhase section */
		A5A4BD851F560D62004EB2A3 /* Frameworks */ = {
			isa = PBXFrameworksBuildPhase;
			buildActionMask = 2147483647;
			files = (
				8807825C6315C3909BF681FA /* Pods_PetPalsProject.framework in Frameworks */,
			);
			runOnlyForDeploymentPostprocessing = 0;
		};
/* End PBXFrameworksBuildPhase section */

/* Begin PBXGroup section */
		5BE07DCBC520EAFB5AA5A3A4 /* Pods */ = {
			isa = PBXGroup;
			children = (
				4A6C0A39ACC8A469BBA3AFF1 /* Pods-PetPalsProject.debug.xcconfig */,
				D95D2AFA601E81CE7FAFA2C6 /* Pods-PetPalsProject.release.xcconfig */,
			);
			name = Pods;
			sourceTree = "<group>";
		};
		A5A4BD7F1F560D62004EB2A3 = {
			isa = PBXGroup;
			children = (
				A5A4BD8A1F560D62004EB2A3 /* PetPalsProject */,
				A5A4BD891F560D62004EB2A3 /* Products */,
				5BE07DCBC520EAFB5AA5A3A4 /* Pods */,
				FFCA95481AFA3EC9C303F6CF /* Frameworks */,
			);
			sourceTree = "<group>";
		};
		A5A4BD891F560D62004EB2A3 /* Products */ = {
			isa = PBXGroup;
			children = (
				A5A4BD881F560D62004EB2A3 /* PetPalsProject.app */,
			);
			name = Products;
			sourceTree = "<group>";
		};
		A5A4BD8A1F560D62004EB2A3 /* PetPalsProject */ = {
			isa = PBXGroup;
			children = (
				A5A4BDCC1F619F18004EB2A3 /* SwiftFile */,
				A5A4BDC91F6188F1004EB2A3 /* TableViewControllers */,
				A5A4BDA61F561DF7004EB2A3 /* ViewControllers */,
				A5A4BD8B1F560D62004EB2A3 /* AppDelegate.swift */,
				A5A4BD8D1F560D62004EB2A3 /* ViewController.swift */,
				A5A4BD8F1F560D62004EB2A3 /* Main.storyboard */,
				A5A4BD951F560D62004EB2A3 /* Assets.xcassets */,
				A5A4BD971F560D62004EB2A3 /* LaunchScreen.storyboard */,
				A5A4BDC21F60DF84004EB2A3 /* SWRevealViewController.h */,
				A5A4BDC31F60DF84004EB2A3 /* SWRevealViewController.m */,
				A5A4BD9A1F560D62004EB2A3 /* Info.plist */,
				A5A4BDA01F560F06004EB2A3 /* GoogleService-Info.plist */,
				A5A4BD921F560D62004EB2A3 /* PetPalsProject.xcdatamodeld */,
				A5A4BDC11F60DF83004EB2A3 /* PetPalsProject-Bridging-Header.h */,
			);
			path = PetPalsProject;
			sourceTree = "<group>";
		};
		A5A4BDA61F561DF7004EB2A3 /* ViewControllers */ = {
			isa = PBXGroup;
			children = (
				A5A4BDA21F5618FC004EB2A3 /* mainViewController.swift */,
				A5A4BDA41F561DE7004EB2A3 /* contactViewController.swift */,
				A5A4BDA71F562405004EB2A3 /* aboutUsViewController.swift */,
				A5A4BDA91F562530004EB2A3 /* privacyViewController.swift */,
				A5A4BDAB1F562633004EB2A3 /* galleryViewController.swift */,
				A5A4BDAD1F5636B6004EB2A3 /* usersAccViewController.swift */,
				A5A4BDAF1F563705004EB2A3 /* createuserViewController.swift */,
				A5A4BDB11F565CC5004EB2A3 /* petImageViewController.swift */,
				A5A4BDB31F565F97004EB2A3 /* petReviewViewController.swift */,
				A5A4BDC51F617FDF004EB2A3 /* homePageViewController.swift */,
				A5E490731F61EACE0037E2A2 /* CustomersViewController.swift */,
			);
			name = ViewControllers;
			sourceTree = "<group>";
		};
		A5A4BDC91F6188F1004EB2A3 /* TableViewControllers */ = {
			isa = PBXGroup;
			children = (
			);
			name = TableViewControllers;
			sourceTree = "<group>";
		};
		A5A4BDCC1F619F18004EB2A3 /* SwiftFile */ = {
			isa = PBXGroup;
			children = (
				A5E490751F61FA1D0037E2A2 /* Users.swift */,
			);
			name = SwiftFile;
			sourceTree = "<group>";
		};
		FFCA95481AFA3EC9C303F6CF /* Frameworks */ = {
			isa = PBXGroup;
			children = (
				C3695E20573FC8BEB11EF782 /* Pods_PetPalsProject.framework */,
			);
			name = Frameworks;
			sourceTree = "<group>";
		};
/* End PBXGroup section */

/* Begin PBXNativeTarget section */
		A5A4BD871F560D62004EB2A3 /* PetPalsProject */ = {
			isa = PBXNativeTarget;
			buildConfigurationList = A5A4BD9D1F560D62004EB2A3 /* Build configuration list for PBXNativeTarget "PetPalsProject" */;
			buildPhases = (
				F060BE73E38D1E153ABC5604 /* [CP] Check Pods Manifest.lock */,
				A5A4BD841F560D62004EB2A3 /* Sources */,
				A5A4BD851F560D62004EB2A3 /* Frameworks */,
				A5A4BD861F560D62004EB2A3 /* Resources */,
				5F84FDEE8A33B8A581A29C00 /* [CP] Embed Pods Frameworks */,
				5E4F341DD8CA0498F4A02738 /* [CP] Copy Pods Resources */,
			);
			buildRules = (
			);
			dependencies = (
			);
			name = PetPalsProject;
			productName = PetPalsProject;
			productReference = A5A4BD881F560D62004EB2A3 /* PetPalsProject.app */;
			productType = "com.apple.product-type.application";
		};
/* End PBXNativeTarget section */

/* Begin PBXProject section */
		A5A4BD801F560D62004EB2A3 /* Project object */ = {
			isa = PBXProject;
			attributes = {
				LastSwiftUpdateCheck = 0830;
				LastUpgradeCheck = 0830;
				ORGANIZATIONNAME = "ADENIKE TOMOMEWO";
				TargetAttributes = {
					A5A4BD871F560D62004EB2A3 = {
						CreatedOnToolsVersion = 8.3.3;
						LastSwiftMigration = 0830;
						ProvisioningStyle = Automatic;
					};
				};
			};
			buildConfigurationList = A5A4BD831F560D62004EB2A3 /* Build configuration list for PBXProject "PetPalsProject" */;
			compatibilityVersion = "Xcode 3.2";
			developmentRegion = English;
			hasScannedForEncodings = 0;
			knownRegions = (
				en,
				Base,
			);
			mainGroup = A5A4BD7F1F560D62004EB2A3;
			productRefGroup = A5A4BD891F560D62004EB2A3 /* Products */;
			projectDirPath = "";
			projectRoot = "";
			targets = (
				A5A4BD871F560D62004EB2A3 /* PetPalsProject */,
			);
		};
/* End PBXProject section */

/* Begin PBXResourcesBuildPhase section */
		A5A4BD861F560D62004EB2A3 /* Resources */ = {
			isa = PBXResourcesBuildPhase;
			buildActionMask = 2147483647;
			files = (
				A5A4BD991F560D62004EB2A3 /* LaunchScreen.storyboard in Resources */,
				A5A4BD961F560D62004EB2A3 /* Assets.xcassets in Resources */,
				A5A4BD911F560D62004EB2A3 /* Main.storyboard in Resources */,
				A5A4BDA11F560F06004EB2A3 /* GoogleService-Info.plist in Resources */,
			);
			runOnlyForDeploymentPostprocessing = 0;
		};
/* End PBXResourcesBuildPhase section */

/* Begin PBXShellScriptBuildPhase section */
		5E4F341DD8CA0498F4A02738 /* [CP] Copy Pods Resources */ = {
			isa = PBXShellScriptBuildPhase;
			buildActionMask = 2147483647;
			files = (
			);
			inputPaths = (
			);
			name = "[CP] Copy Pods Resources";
			outputPaths = (
			);
			runOnlyForDeploymentPostprocessing = 0;
			shellPath = /bin/sh;
			shellScript = "\"${SRCROOT}/Pods/Target Support Files/Pods-PetPalsProject/Pods-PetPalsProject-resources.sh\"\n";
			showEnvVarsInLog = 0;
		};
		5F84FDEE8A33B8A581A29C00 /* [CP] Embed Pods Frameworks */ = {
			isa = PBXShellScriptBuildPhase;
			buildActionMask = 2147483647;
			files = (
			);
			inputPaths = (
				"${SRCROOT}/Pods/Target Support Files/Pods-PetPalsProject/Pods-PetPalsProject-frameworks.sh",
				"${BUILT_PRODUCTS_DIR}/GTMSessionFetcher/GTMSessionFetcher.framework",
				"${BUILT_PRODUCTS_DIR}/GoogleToolboxForMac/GoogleToolboxForMac.framework",
				"${BUILT_PRODUCTS_DIR}/leveldb-library/leveldb.framework",
				"${BUILT_PRODUCTS_DIR}/nanopb/nanopb.framework",
			);
			name = "[CP] Embed Pods Frameworks";
			outputPaths = (
				"${TARGET_BUILD_DIR}/${FRAMEWORKS_FOLDER_PATH}/GTMSessionFetcher.framework",
				"${TARGET_BUILD_DIR}/${FRAMEWORKS_FOLDER_PATH}/GoogleToolboxForMac.framework",
				"${TARGET_BUILD_DIR}/${FRAMEWORKS_FOLDER_PATH}/leveldb.framework",
				"${TARGET_BUILD_DIR}/${FRAMEWORKS_FOLDER_PATH}/nanopb.framework",
			);
			runOnlyForDeploymentPostprocessing = 0;
			shellPath = /bin/sh;
			shellScript = "\"${SRCROOT}/Pods/Target Support Files/Pods-PetPalsProject/Pods-PetPalsProject-frameworks.sh\"\n";
			showEnvVarsInLog = 0;
		};
		F060BE73E38D1E153ABC5604 /* [CP] Check Pods Manifest.lock */ = {
			isa = PBXShellScriptBuildPhase;
			buildActionMask = 2147483647;
			files = (
			);
			inputPaths = (
				"${PODS_PODFILE_DIR_PATH}/Podfile.lock",
				"${PODS_ROOT}/Manifest.lock",
			);
			name = "[CP] Check Pods Manifest.lock";
			outputPaths = (
				"$(DERIVED_FILE_DIR)/Pods-PetPalsProject-checkManifestLockResult.txt",
			);
			runOnlyForDeploymentPostprocessing = 0;
			shellPath = /bin/sh;
			shellScript = "diff \"${PODS_PODFILE_DIR_PATH}/Podfile.lock\" \"${PODS_ROOT}/Manifest.lock\" > /dev/null\nif [ $? != 0 ] ; then\n    # print error to STDERR\n    echo \"error: The sandbox is not in sync with the Podfile.lock. Run 'pod install' or update your CocoaPods installation.\" >&2\n    exit 1\nfi\n# This output is used by Xcode 'outputs' to avoid re-running this script phase.\necho \"SUCCESS\" > \"${SCRIPT_OUTPUT_FILE_0}\"\n";
			showEnvVarsInLog = 0;
		};
/* End PBXShellScriptBuildPhase section */

/* Begin PBXSourcesBuildPhase section */
		A5A4BD841F560D62004EB2A3 /* Sources */ = {
			isa = PBXSourcesBuildPhase;
			buildActionMask = 2147483647;
			files = (
				A5A4BDC61F617FDF004EB2A3 /* homePageViewController.swift in Sources */,
				A5A4BDA81F562405004EB2A3 /* aboutUsViewController.swift in Sources */,
				A5A4BDB01F563705004EB2A3 /* createuserViewController.swift in Sources */,
				A5A4BDC41F60DF84004EB2A3 /* SWRevealViewController.m in Sources */,
				A5A4BDB41F565F97004EB2A3 /* petReviewViewController.swift in Sources */,
				A5A4BDAA1F562530004EB2A3 /* privacyViewController.swift in Sources */,
				A5A4BDAE1F5636B6004EB2A3 /* usersAccViewController.swift in Sources */,
				A5A4BDB21F565CC5004EB2A3 /* petImageViewController.swift in Sources */,
				A5E490761F61FA1D0037E2A2 /* Users.swift in Sources */,
				A5A4BDA51F561DE7004EB2A3 /* contactViewController.swift in Sources */,
				A5A4BD8E1F560D62004EB2A3 /* ViewController.swift in Sources */,
				A5A4BD8C1F560D62004EB2A3 /* AppDelegate.swift in Sources */,
				A5E490741F61EACE0037E2A2 /* CustomersViewController.swift in Sources */,
				A5A4BDAC1F562633004EB2A3 /* galleryViewController.swift in Sources */,
				A5A4BD941F560D62004EB2A3 /* PetPalsProject.xcdatamodeld in Sources */,
				A5A4BDA31F5618FC004EB2A3 /* mainViewController.swift in Sources */,
			);
			runOnlyForDeploymentPostprocessing = 0;
		};
/* End PBXSourcesBuildPhase section */

/* Begin PBXVariantGroup section */
		A5A4BD8F1F560D62004EB2A3 /* Main.storyboard */ = {
			isa = PBXVariantGroup;
			children = (
				A5A4BD901F560D62004EB2A3 /* Base */,
			);
			name = Main.storyboard;
			sourceTree = "<group>";
		};
		A5A4BD971F560D62004EB2A3 /* LaunchScreen.storyboard */ = {
			isa = PBXVariantGroup;
			children = (
				A5A4BD981F560D62004EB2A3 /* Base */,
			);
			name = LaunchScreen.storyboard;
			sourceTree = "<group>";
		};
/* End PBXVariantGroup section */

/* Begin XCBuildConfiguration section */
		A5A4BD9B1F560D62004EB2A3 /* Debug */ = {
			isa = XCBuildConfiguration;
			buildSettings = {
				ALWAYS_SEARCH_USER_PATHS = NO;
				CLANG_ANALYZER_NONNULL = YES;
				CLANG_ANALYZER_NUMBER_OBJECT_CONVERSION = YES_AGGRESSIVE;
				CLANG_CXX_LANGUAGE_STANDARD = "gnu++0x";
				CLANG_CXX_LIBRARY = "libc++";
				CLANG_ENABLE_MODULES = YES;
				CLANG_ENABLE_OBJC_ARC = YES;
				CLANG_WARN_BOOL_CONVERSION = YES;
				CLANG_WARN_CONSTANT_CONVERSION = YES;
				CLANG_WARN_DIRECT_OBJC_ISA_USAGE = YES_ERROR;
				CLANG_WARN_DOCUMENTATION_COMMENTS = YES;
				CLANG_WARN_EMPTY_BODY = YES;
				CLANG_WARN_ENUM_CONVERSION = YES;
				CLANG_WARN_INFINITE_RECURSION = YES;
				CLANG_WARN_INT_CONVERSION = YES;
				CLANG_WARN_OBJC_ROOT_CLASS = YES_ERROR;
				CLANG_WARN_SUSPICIOUS_MOVE = YES;
				CLANG_WARN_UNREACHABLE_CODE = YES;
				CLANG_WARN__DUPLICATE_METHOD_MATCH = YES;
				"CODE_SIGN_IDENTITY[sdk=iphoneos*]" = "iPhone Developer";
				COPY_PHASE_STRIP = NO;
				DEBUG_INFORMATION_FORMAT = dwarf;
				ENABLE_STRICT_OBJC_MSGSEND = YES;
				ENABLE_TESTABILITY = YES;
				GCC_C_LANGUAGE_STANDARD = gnu99;
				GCC_DYNAMIC_NO_PIC = NO;
				GCC_NO_COMMON_BLOCKS = YES;
				GCC_OPTIMIZATION_LEVEL = 0;
				GCC_PREPROCESSOR_DEFINITIONS = (
					"DEBUG=1",
					"$(inherited)",
				);
				GCC_WARN_64_TO_32_BIT_CONVERSION = YES;
				GCC_WARN_ABOUT_RETURN_TYPE = YES_ERROR;
				GCC_WARN_UNDECLARED_SELECTOR = YES;
				GCC_WARN_UNINITIALIZED_AUTOS = YES_AGGRESSIVE;
				GCC_WARN_UNUSED_FUNCTION = YES;
				GCC_WARN_UNUSED_VARIABLE = YES;
				IPHONEOS_DEPLOYMENT_TARGET = 10.3;
				MTL_ENABLE_DEBUG_INFO = YES;
				ONLY_ACTIVE_ARCH = YES;
				SDKROOT = iphoneos;
				SWIFT_ACTIVE_COMPILATION_CONDITIONS = DEBUG;
				SWIFT_OPTIMIZATION_LEVEL = "-Onone";
				TARGETED_DEVICE_FAMILY = "1,2";
			};
			name = Debug;
		};
		A5A4BD9C1F560D62004EB2A3 /* Release */ = {
			isa = XCBuildConfiguration;
			buildSettings = {
				ALWAYS_SEARCH_USER_PATHS = NO;
				CLANG_ANALYZER_NONNULL = YES;
				CLANG_ANALYZER_NUMBER_OBJECT_CONVERSION = YES_AGGRESSIVE;
				CLANG_CXX_LANGUAGE_STANDARD = "gnu++0x";
				CLANG_CXX_LIBRARY = "libc++";
				CLANG_ENABLE_MODULES = YES;
				CLANG_ENABLE_OBJC_ARC = YES;
				CLANG_WARN_BOOL_CONVERSION = YES;
				CLANG_WARN_CONSTANT_CONVERSION = YES;
				CLANG_WARN_DIRECT_OBJC_ISA_USAGE = YES_ERROR;
				CLANG_WARN_DOCUMENTATION_COMMENTS = YES;
				CLANG_WARN_EMPTY_BODY = YES;
				CLANG_WARN_ENUM_CONVERSION = YES;
				CLANG_WARN_INFINITE_RECURSION = YES;
				CLANG_WARN_INT_CONVERSION = YES;
				CLANG_WARN_OBJC_ROOT_CLASS = YES_ERROR;
				CLANG_WARN_SUSPICIOUS_MOVE = YES;
				CLANG_WARN_UNREACHABLE_CODE = YES;
				CLANG_WARN__DUPLICATE_METHOD_MATCH = YES;
				"CODE_SIGN_IDENTITY[sdk=iphoneos*]" = "iPhone Developer";
				COPY_PHASE_STRIP = NO;
				DEBUG_INFORMATION_FORMAT = "dwarf-with-dsym";
				ENABLE_NS_ASSERTIONS = NO;
				ENABLE_STRICT_OBJC_MSGSEND = YES;
				GCC_C_LANGUAGE_STANDARD = gnu99;
				GCC_NO_COMMON_BLOCKS = YES;
				GCC_WARN_64_TO_32_BIT_CONVERSION = YES;
				GCC_WARN_ABOUT_RETURN_TYPE = YES_ERROR;
				GCC_WARN_UNDECLARED_SELECTOR = YES;
				GCC_WARN_UNINITIALIZED_AUTOS = YES_AGGRESSIVE;
				GCC_WARN_UNUSED_FUNCTION = YES;
				GCC_WARN_UNUSED_VARIABLE = YES;
				IPHONEOS_DEPLOYMENT_TARGET = 10.3;
				MTL_ENABLE_DEBUG_INFO = NO;
				SDKROOT = iphoneos;
				SWIFT_OPTIMIZATION_LEVEL = "-Owholemodule";
				TARGETED_DEVICE_FAMILY = "1,2";
				VALIDATE_PRODUCT = YES;
			};
			name = Release;
		};
		A5A4BD9E1F560D62004EB2A3 /* Debug */ = {
			isa = XCBuildConfiguration;
			baseConfigurationReference = 4A6C0A39ACC8A469BBA3AFF1 /* Pods-PetPalsProject.debug.xcconfig */;
			buildSettings = {
				ASSETCATALOG_COMPILER_APPICON_NAME = AppIcon;
				CLANG_ENABLE_MODULES = YES;
				INFOPLIST_FILE = PetPalsProject/Info.plist;
				LD_RUNPATH_SEARCH_PATHS = "$(inherited) @executable_path/Frameworks";
				PRODUCT_BUNDLE_IDENTIFIER = com.bestpetpals.PetPalsProject;
				PRODUCT_NAME = "$(TARGET_NAME)";
				SWIFT_OBJC_BRIDGING_HEADER = "PetPalsProject/PetPalsProject-Bridging-Header.h";
				SWIFT_OPTIMIZATION_LEVEL = "-Onone";
				SWIFT_VERSION = 3.0;
			};
			name = Debug;
		};
		A5A4BD9F1F560D62004EB2A3 /* Release */ = {
			isa = XCBuildConfiguration;
			baseConfigurationReference = D95D2AFA601E81CE7FAFA2C6 /* Pods-PetPalsProject.release.xcconfig */;
			buildSettings = {
				ASSETCATALOG_COMPILER_APPICON_NAME = AppIcon;
				CLANG_ENABLE_MODULES = YES;
				INFOPLIST_FILE = PetPalsProject/Info.plist;
				LD_RUNPATH_SEARCH_PATHS = "$(inherited) @executable_path/Frameworks";
				PRODUCT_BUNDLE_IDENTIFIER = com.bestpetpals.PetPalsProject;
				PRODUCT_NAME = "$(TARGET_NAME)";
				SWIFT_OBJC_BRIDGING_HEADER = "PetPalsProject/PetPalsProject-Bridging-Header.h";
				SWIFT_VERSION = 3.0;
			};
			name = Release;
		};
/* End XCBuildConfiguration section */

/* Begin XCConfigurationList section */
		A5A4BD831F560D62004EB2A3 /* Build configuration list for PBXProject "PetPalsProject" */ = {
			isa = XCConfigurationList;
			buildConfigurations = (
				A5A4BD9B1F560D62004EB2A3 /* Debug */,
				A5A4BD9C1F560D62004EB2A3 /* Release */,
			);
			defaultConfigurationIsVisible = 0;
			defaultConfigurationName = Release;
		};
		A5A4BD9D1F560D62004EB2A3 /* Build configuration list for PBXNativeTarget "PetPalsProject" */ = {
			isa = XCConfigurationList;
			buildConfigurations = (
				A5A4BD9E1F560D62004EB2A3 /* Debug */,
				A5A4BD9F1F560D62004EB2A3 /* Release */,
			);
			defaultConfigurationIsVisible = 0;
			defaultConfigurationName = Release;
		};
/* End XCConfigurationList section */

/* Begin XCVersionGroup section */
		A5A4BD921F560D62004EB2A3 /* PetPalsProject.xcdatamodeld */ = {
			isa = XCVersionGroup;
			children = (
				A5A4BD931F560D62004EB2A3 /* PetPalsProject.xcdatamodel */,
			);
			currentVersion = A5A4BD931F560D62004EB2A3 /* PetPalsProject.xcdatamodel */;
			path = PetPalsProject.xcdatamodeld;
			sourceTree = "<group>";
			versionGroupType = wrapper.xcdatamodel;
		};
/* End XCVersionGroup section */
	};
	rootObject = A5A4BD801F560D62004EB2A3 /* Project object */;
}
